
Microsoft Visual Studio Solution File, Format Version 12.00
Project("{2150E333-8FDC-42A3-9474-1A3956D46DE8}") = "Solution items", "Solution items", "{5D45A62A-3345-4F7A-B69B-B942668A4588}"
	ProjectSection(SolutionItems) = preProject
		nuget.config = nuget.config
	EndProjectSection
EndProject
Project("{FAE04EC0-301F-11D3-BF4B-00C04F79EFBC}") = "Revit.IFC.Common", "Source\Revit.IFC.Common\Revit.IFC.Common.csproj", "{5746EDCF-3100-48D6-B34C-1B559BDCB0B3}"
EndProject
Project("{FAE04EC0-301F-11D3-BF4B-00C04F79EFBC}") = "Revit.IFC.Export", "Source\Revit.IFC.Export\Revit.IFC.Export.csproj", "{7BDF58AE-8234-4BD2-B93D-35D1F6679BC0}"
EndProject
Global
	GlobalSection(SolutionConfigurationPlatforms) = preSolution
		Debug|Any CPU = Debug|Any CPU
		Release|Any CPU = Release|Any CPU
	EndGlobalSection
	GlobalSection(ProjectConfigurationPlatforms) = postSolution
		{5746EDCF-3100-48D6-B34C-1B559BDCB0B3}.Debug|Any CPU.ActiveCfg = Debug|x64
		{7BDF58AE-8234-4BD2-B93D-35D1F6679BC0}.Debug|Any CPU.ActiveCfg = Debug|x64
	EndGlobalSection
EndGlobal
